
Microsoft Visual Studio Solution File, Format Version 12.00
# Visual Studio Version 17
VisualStudioVersion = 17.8.34316.72
MinimumVisualStudioVersion = 10.0.40219.1
Project("{FAE04EC0-301F-11D3-BF4B-00C04F79EFBC}") = "Microservices.Ticketing.WebApi", "Microservices.Ticketing.WebApi\Microservices.Ticketing.WebApi.csproj", "{118CDC0C-7D45-41BE-8363-B1D3E6994461}"
EndProject
Project("{FAE04EC0-301F-11D3-BF4B-00C04F79EFBC}") = "Shared.Models", "Shared.Models\Shared.Models.csproj", "{80F959FB-2E82-4B3B-BCF4-9214EBCE2BF0}"
EndProject
Project("{FAE04EC0-301F-11D3-BF4B-00C04F79EFBC}") = "Microservices.Ticketing.WebApi1", "..\Microservices.Ticketing.WebApi1\Microservices.Ticketing.WebApi1.csproj", "{10ECF727-595A-4F4E-9CBD-6393AA429462}"
EndProject
Project("{FAE04EC0-301F-11D3-BF4B-00C04F79EFBC}") = "TicketProcessor.Microservice", "..\TicketProcessor.Microservice\TicketProcessor.Microservice\TicketProcessor.Microservice.csproj", "{CDC44E4C-47C3-442E-B400-4764ACF55148}"
EndProject
Global
	GlobalSection(SolutionConfigurationPlatforms) = preSolution
		Debug|Any CPU = Debug|Any CPU
		Release|Any CPU = Release|Any CPU
	EndGlobalSection
	GlobalSection(ProjectConfigurationPlatforms) = postSolution
		{118CDC0C-7D45-41BE-8363-B1D3E6994461}.Debug|Any CPU.ActiveCfg = Debug|Any CPU
		{118CDC0C-7D45-41BE-8363-B1D3E6994461}.Debug|Any CPU.Build.0 = Debug|Any CPU
		{118CDC0C-7D45-41BE-8363-B1D3E6994461}.Release|Any CPU.ActiveCfg = Release|Any CPU
		{118CDC0C-7D45-41BE-8363-B1D3E6994461}.Release|Any CPU.Build.0 = Release|Any CPU
		{80F959FB-2E82-4B3B-BCF4-9214EBCE2BF0}.Debug|Any CPU.ActiveCfg = Debug|Any CPU
		{80F959FB-2E82-4B3B-BCF4-9214EBCE2BF0}.Debug|Any CPU.Build.0 = Debug|Any CPU
		{80F959FB-2E82-4B3B-BCF4-9214EBCE2BF0}.Release|Any CPU.ActiveCfg = Release|Any CPU
		{80F959FB-2E82-4B3B-BCF4-9214EBCE2BF0}.Release|Any CPU.Build.0 = Release|Any CPU
		{10ECF727-595A-4F4E-9CBD-6393AA429462}.Debug|Any CPU.ActiveCfg = Debug|Any CPU
		{10ECF727-595A-4F4E-9CBD-6393AA429462}.Debug|Any CPU.Build.0 = Debug|Any CPU
		{10ECF727-595A-4F4E-9CBD-6393AA429462}.Release|Any CPU.ActiveCfg = Release|Any CPU
		{10ECF727-595A-4F4E-9CBD-6393AA429462}.Release|Any CPU.Build.0 = Release|Any CPU
		{CDC44E4C-47C3-442E-B400-4764ACF55148}.Debug|Any CPU.ActiveCfg = Debug|Any CPU
		{CDC44E4C-47C3-442E-B400-4764ACF55148}.Debug|Any CPU.Build.0 = Debug|Any CPU
		{CDC44E4C-47C3-442E-B400-4764ACF55148}.Release|Any CPU.ActiveCfg = Release|Any CPU
		{CDC44E4C-47C3-442E-B400-4764ACF55148}.Release|Any CPU.Build.0 = Release|Any CPU
	EndGlobalSection
	GlobalSection(SolutionProperties) = preSolution
		HideSolutionNode = FALSE
	EndGlobalSection
	GlobalSection(ExtensibilityGlobals) = postSolution
		SolutionGuid = {1B84AC8A-CEF7-4AFB-8FBF-23D51F990C92}
	EndGlobalSection
EndGlobal
